
Microsoft Visual Studio Solution File, Format Version 11.00
# Visual Studio 2010
Project("{FAE04EC0-301F-11D3-BF4B-00C04F79EFBC}") = "DronesVR_2.0", "Assembly-CSharp-firstpass.csproj", "{1AED788A-C8A3-83AC-3F8A-D1076733B178}"
EndProject
Project("{FAE04EC0-301F-11D3-BF4B-00C04F79EFBC}") = "DronesVR_2.0", "Assembly-CSharp.csproj", "{B41211B0-D17F-5EE6-CE7B-A2F3051C16D8}"
EndProject
Project("{FAE04EC0-301F-11D3-BF4B-00C04F79EFBC}") = "DronesVR_2.0", "Assembly-CSharp-Editor.csproj", "{E80D5B98-F500-7A4D-DC1D-FC495CDFD810}"
EndProject
Global
	GlobalSection(SolutionConfigurationPlatforms) = preSolution
		Debug|Any CPU = Debug|Any CPU
		Release|Any CPU = Release|Any CPU
	EndGlobalSection
	GlobalSection(ProjectConfigurationPlatforms) = postSolution
		{1AED788A-C8A3-83AC-3F8A-D1076733B178}.Debug|Any CPU.ActiveCfg = Debug|Any CPU
		{1AED788A-C8A3-83AC-3F8A-D1076733B178}.Debug|Any CPU.Build.0 = Debug|Any CPU
		{1AED788A-C8A3-83AC-3F8A-D1076733B178}.Release|Any CPU.ActiveCfg = Release|Any CPU
		{1AED788A-C8A3-83AC-3F8A-D1076733B178}.Release|Any CPU.Build.0 = Release|Any CPU
		{B41211B0-D17F-5EE6-CE7B-A2F3051C16D8}.Debug|Any CPU.ActiveCfg = Debug|Any CPU
		{B41211B0-D17F-5EE6-CE7B-A2F3051C16D8}.Debug|Any CPU.Build.0 = Debug|Any CPU
		{B41211B0-D17F-5EE6-CE7B-A2F3051C16D8}.Release|Any CPU.ActiveCfg = Release|Any CPU
		{B41211B0-D17F-5EE6-CE7B-A2F3051C16D8}.Release|Any CPU.Build.0 = Release|Any CPU
		{E80D5B98-F500-7A4D-DC1D-FC495CDFD810}.Debug|Any CPU.ActiveCfg = Debug|Any CPU
		{E80D5B98-F500-7A4D-DC1D-FC495CDFD810}.Debug|Any CPU.Build.0 = Debug|Any CPU
		{E80D5B98-F500-7A4D-DC1D-FC495CDFD810}.Release|Any CPU.ActiveCfg = Release|Any CPU
		{E80D5B98-F500-7A4D-DC1D-FC495CDFD810}.Release|Any CPU.Build.0 = Release|Any CPU
	EndGlobalSection
	GlobalSection(SolutionProperties) = preSolution
		HideSolutionNode = FALSE
	EndGlobalSection
	GlobalSection(MonoDevelopProperties) = preSolution
		StartupItem = Assembly-CSharp.csproj
	EndGlobalSection
EndGlobal
