
Microsoft Visual Studio Solution File, Format Version 12.00
# Visual Studio 2015
Project("{FAE04EC0-301F-11D3-BF4B-00C04F79EFBC}") = "DronesVR_2.0.Plugins", "DronesVR_2.0.Plugins.csproj", "{7A690071-E035-F25E-D0B6-6304167F7E20}"
EndProject
Project("{FAE04EC0-301F-11D3-BF4B-00C04F79EFBC}") = "DronesVR_2.0", "DronesVR_2.0.csproj", "{34FCD8C4-F845-5FCA-3663-7E2EE91B93A6}"
EndProject
Global
	GlobalSection(SolutionConfigurationPlatforms) = preSolution
		Debug|Any CPU = Debug|Any CPU
		Release|Any CPU = Release|Any CPU
	EndGlobalSection
	GlobalSection(ProjectConfigurationPlatforms) = postSolution
		{7A690071-E035-F25E-D0B6-6304167F7E20}.Debug|Any CPU.ActiveCfg = Debug|Any CPU
		{7A690071-E035-F25E-D0B6-6304167F7E20}.Debug|Any CPU.Build.0 = Debug|Any CPU
		{7A690071-E035-F25E-D0B6-6304167F7E20}.Release|Any CPU.ActiveCfg = Release|Any CPU
		{7A690071-E035-F25E-D0B6-6304167F7E20}.Release|Any CPU.Build.0 = Release|Any CPU
		{34FCD8C4-F845-5FCA-3663-7E2EE91B93A6}.Debug|Any CPU.ActiveCfg = Debug|Any CPU
		{34FCD8C4-F845-5FCA-3663-7E2EE91B93A6}.Debug|Any CPU.Build.0 = Debug|Any CPU
		{34FCD8C4-F845-5FCA-3663-7E2EE91B93A6}.Release|Any CPU.ActiveCfg = Release|Any CPU
		{34FCD8C4-F845-5FCA-3663-7E2EE91B93A6}.Release|Any CPU.Build.0 = Release|Any CPU
	EndGlobalSection
	GlobalSection(SolutionProperties) = preSolution
		HideSolutionNode = FALSE
	EndGlobalSection
EndGlobal
